// !$*UTF8*$!
{
	archiveVersion = 1;
	classes = {
	};
	objectVersion = 50;
	objects = {

/* Begin PBXBuildFile section */
		10B021BC24F7F1A800B0439B /* AppDelegate.swift in Sources */ = {isa = PBXBuildFile; fileRef = 10B021BB24F7F1A800B0439B /* AppDelegate.swift */; };
		10B021BE24F7F1A800B0439B /* SceneDelegate.swift in Sources */ = {isa = PBXBuildFile; fileRef = 10B021BD24F7F1A800B0439B /* SceneDelegate.swift */; };
		10B021C024F7F1A800B0439B /* ContentView.swift in Sources */ = {isa = PBXBuildFile; fileRef = 10B021BF24F7F1A800B0439B /* ContentView.swift */; };
		10B021C224F7F1A900B0439B /* Assets.xcassets in Resources */ = {isa = PBXBuildFile; fileRef = 10B021C124F7F1A900B0439B /* Assets.xcassets */; };
		10B021C524F7F1A900B0439B /* Preview Assets.xcassets in Resources */ = {isa = PBXBuildFile; fileRef = 10B021C424F7F1A900B0439B /* Preview Assets.xcassets */; };
		10B021C824F7F1A900B0439B /* LaunchScreen.storyboard in Resources */ = {isa = PBXBuildFile; fileRef = 10B021C624F7F1A900B0439B /* LaunchScreen.storyboard */; };
/* End PBXBuildFile section */

/* Begin PBXFileReference section */
		10B021B824F7F1A800B0439B /* Project9.Drawing.app */ = {isa = PBXFileReference; explicitFileType = wrapper.application; includeInIndex = 0; path = Project9.Drawing.app; sourceTree = BUILT_PRODUCTS_DIR; };
		10B021BB24F7F1A800B0439B /* AppDelegate.swift */ = {isa = PBXFileReference; lastKnownFileType = sourcecode.swift; path = AppDelegate.swift; sourceTree = "<group>"; };
		10B021BD24F7F1A800B0439B /* SceneDelegate.swift */ = {isa = PBXFileReference; lastKnownFileType = sourcecode.swift; path = SceneDelegate.swift; sourceTree = "<group>"; };
		10B021BF24F7F1A800B0439B /* ContentView.swift */ = {isa = PBXFileReference; lastKnownFileType = sourcecode.swift; path = ContentView.swift; sourceTree = "<group>"; };
		10B021C124F7F1A900B0439B /* Assets.xcassets */ = {isa = PBXFileReference; lastKnownFileType = folder.assetcatalog; path = Assets.xcassets; sourceTree = "<group>"; };
		10B021C424F7F1A900B0439B /* Preview Assets.xcassets */ = {isa = PBXFileReference; lastKnownFileType = folder.assetcatalog; path = "Preview Assets.xcassets"; sourceTree = "<group>"; };
		10B021C724F7F1A900B0439B /* Base */ = {isa = PBXFileReference; lastKnownFileType = file.storyboard; name = Base; path = Base.lproj/LaunchScreen.storyboard; sourceTree = "<group>"; };
		10B021C924F7F1A900B0439B /* Info.plist */ = {isa = PBXFileReference; lastKnownFileType = text.plist.xml; path = Info.plist; sourceTree = "<group>"; };
/* End PBXFileReference section */

/* Begin PBXFrameworksBuildPhase section */
		10B021B524F7F1A800B0439B /* Frameworks */ = {
			isa = PBXFrameworksBuildPhase;
			buildActionMask = 2147483647;
			files = (
			);
			runOnlyForDeploymentPostprocessing = 0;
		};
/* End PBXFrameworksBuildPhase section */

/* Begin PBXGroup section */
		10B021AF24F7F1A800B0439B = {
			isa = PBXGroup;
			children = (
				10B021BA24F7F1A800B0439B /* Project9.Drawing */,
				10B021B924F7F1A800B0439B /* Products */,
			);
			sourceTree = "<group>";
		};
		10B021B924F7F1A800B0439B /* Products */ = {
			isa = PBXGroup;
			children = (
				10B021B824F7F1A800B0439B /* Project9.Drawing.app */,
			);
			name = Products;
			sourceTree = "<group>";
		};
		10B021BA24F7F1A800B0439B /* Project9.Drawing */ = {
			isa = PBXGroup;
			children = (
				10B021BB24F7F1A800B0439B /* AppDelegate.swift */,
				10B021BD24F7F1A800B0439B /* SceneDelegate.swift */,
				10B021BF24F7F1A800B0439B /* ContentView.swift */,
				10B021C124F7F1A900B0439B /* Assets.xcassets */,
				10B021C624F7F1A900B0439B /* LaunchScreen.storyboard */,
				10B021C924F7F1A900B0439B /* Info.plist */,
				10B021C324F7F1A900B0439B /* Preview Content */,
			);
			path = Project9.Drawing;
			sourceTree = "<group>";
		};
		10B021C324F7F1A900B0439B /* Preview Content */ = {
			isa = PBXGroup;
			children = (
				10B021C424F7F1A900B0439B /* Preview Assets.xcassets */,
			);
			path = "Preview Content";
			sourceTree = "<group>";
		};
/* End PBXGroup section */

/* Begin PBXNativeTarget section */
		10B021B724F7F1A800B0439B /* Project9.Drawing */ = {
			isa = PBXNativeTarget;
			buildConfigurationList = 10B021CC24F7F1A900B0439B /* Build configuration list for PBXNativeTarget "Project9.Drawing" */;
			buildPhases = (
				10B021B424F7F1A800B0439B /* Sources */,
				10B021B524F7F1A800B0439B /* Frameworks */,
				10B021B624F7F1A800B0439B /* Resources */,
			);
			buildRules = (
			);
			dependencies = (
			);
			name = Project9.Drawing;
			productName = Project9.Drawing;
			productReference = 10B021B824F7F1A800B0439B /* Project9.Drawing.app */;
			productType = "com.apple.product-type.application";
		};
/* End PBXNativeTarget section */

/* Begin PBXProject section */
		10B021B024F7F1A800B0439B /* Project object */ = {
			isa = PBXProject;
			attributes = {
				LastSwiftUpdateCheck = 1160;
				LastUpgradeCheck = 1160;
				ORGANIZATIONNAME = "robertpliev@gmail.com";
				TargetAttributes = {
					10B021B724F7F1A800B0439B = {
						CreatedOnToolsVersion = 11.6;
					};
				};
			};
			buildConfigurationList = 10B021B324F7F1A800B0439B /* Build configuration list for PBXProject "Project9.Drawing" */;
			compatibilityVersion = "Xcode 9.3";
			developmentRegion = en;
			hasScannedForEncodings = 0;
			knownRegions = (
				en,
				Base,
			);
			mainGroup = 10B021AF24F7F1A800B0439B;
			productRefGroup = 10B021B924F7F1A800B0439B /* Products */;
			projectDirPath = "";
			projectRoot = "";
			targets = (
				10B021B724F7F1A800B0439B /* Project9.Drawing */,
			);
		};
/* End PBXProject section */

/* Begin PBXResourcesBuildPhase section */
		10B021B624F7F1A800B0439B /* Resources */ = {
			isa = PBXResourcesBuildPhase;
			buildActionMask = 2147483647;
			files = (
				10B021C824F7F1A900B0439B /* LaunchScreen.storyboard in Resources */,
				10B021C524F7F1A900B0439B /* Preview Assets.xcassets in Resources */,
				10B021C224F7F1A900B0439B /* Assets.xcassets in Resources */,
			);
			runOnlyForDeploymentPostprocessing = 0;
		};
/* End PBXResourcesBuildPhase section */

/* Begin PBXSourcesBuildPhase section */
		10B021B424F7F1A800B0439B /* Sources */ = {
			isa = PBXSourcesBuildPhase;
			buildActionMask = 2147483647;
			files = (
				10B021BC24F7F1A800B0439B /* AppDelegate.swift in Sources */,
				10B021BE24F7F1A800B0439B /* SceneDelegate.swift in Sources */,
				10B021C024F7F1A800B0439B /* ContentView.swift in Sources */,
			);
			runOnlyForDeploymentPostprocessing = 0;
		};
/* End PBXSourcesBuildPhase section */

/* Begin PBXVariantGroup section */
		10B021C624F7F1A900B0439B /* LaunchScreen.storyboard */ = {
			isa = PBXVariantGroup;
			children = (
				10B021C724F7F1A900B0439B /* Base */,
			);
			name = LaunchScreen.storyboard;
			sourceTree = "<group>";
		};
/* End PBXVariantGroup section */

/* Begin XCBuildConfiguration section */
		10B021CA24F7F1A900B0439B /* Debug */ = {
			isa = XCBuildConfiguration;
			buildSettings = {
				ALWAYS_SEARCH_USER_PATHS = NO;
				CLANG_ANALYZER_NONNULL = YES;
				CLANG_ANALYZER_NUMBER_OBJECT_CONVERSION = YES_AGGRESSIVE;
				CLANG_CXX_LANGUAGE_STANDARD = "gnu++14";
				CLANG_CXX_LIBRARY = "libc++";
				CLANG_ENABLE_MODULES = YES;
				CLANG_ENABLE_OBJC_ARC = YES;
				CLANG_ENABLE_OBJC_WEAK = YES;
				CLANG_WARN_BLOCK_CAPTURE_AUTORELEASING = YES;
				CLANG_WARN_BOOL_CONVERSION = YES;
				CLANG_WARN_COMMA = YES;
				CLANG_WARN_CONSTANT_CONVERSION = YES;
				CLANG_WARN_DEPRECATED_OBJC_IMPLEMENTATIONS = YES;
				CLANG_WARN_DIRECT_OBJC_ISA_USAGE = YES_ERROR;
				CLANG_WARN_DOCUMENTATION_COMMENTS = YES;
				CLANG_WARN_EMPTY_BODY = YES;
				CLANG_WARN_ENUM_CONVERSION = YES;
				CLANG_WARN_INFINITE_RECURSION = YES;
				CLANG_WARN_INT_CONVERSION = YES;
				CLANG_WARN_NON_LITERAL_NULL_CONVERSION = YES;
				CLANG_WARN_OBJC_IMPLICIT_RETAIN_SELF = YES;
				CLANG_WARN_OBJC_LITERAL_CONVERSION = YES;
				CLANG_WARN_OBJC_ROOT_CLASS = YES_ERROR;
				CLANG_WARN_RANGE_LOOP_ANALYSIS = YES;
				CLANG_WARN_STRICT_PROTOTYPES = YES;
				CLANG_WARN_SUSPICIOUS_MOVE = YES;
				CLANG_WARN_UNGUARDED_AVAILABILITY = YES_AGGRESSIVE;
				CLANG_WARN_UNREACHABLE_CODE = YES;
				CLANG_WARN__DUPLICATE_METHOD_MATCH = YES;
				COPY_PHASE_STRIP = NO;
				DEBUG_INFORMATION_FORMAT = dwarf;
				ENABLE_STRICT_OBJC_MSGSEND = YES;
				ENABLE_TESTABILITY = YES;
				GCC_C_LANGUAGE_STANDARD = gnu11;
				GCC_DYNAMIC_NO_PIC = NO;
				GCC_NO_COMMON_BLOCKS = YES;
				GCC_OPTIMIZATION_LEVEL = 0;
				GCC_PREPROCESSOR_DEFINITIONS = (
					"DEBUG=1",
					"$(inherited)",
				);
				GCC_WARN_64_TO_32_BIT_CONVERSION = YES;
				GCC_WARN_ABOUT_RETURN_TYPE = YES_ERROR;
				GCC_WARN_UNDECLARED_SELECTOR = YES;
				GCC_WARN_UNINITIALIZED_AUTOS = YES_AGGRESSIVE;
				GCC_WARN_UNUSED_FUNCTION = YES;
				GCC_WARN_UNUSED_VARIABLE = YES;
				IPHONEOS_DEPLOYMENT_TARGET = 13.6;
				MTL_ENABLE_DEBUG_INFO = INCLUDE_SOURCE;
				MTL_FAST_MATH = YES;
				ONLY_ACTIVE_ARCH = YES;
				SDKROOT = iphoneos;
				SWIFT_ACTIVE_COMPILATION_CONDITIONS = DEBUG;
				SWIFT_OPTIMIZATION_LEVEL = "-Onone";
			};
			name = Debug;
		};
		10B021CB24F7F1A900B0439B /* Release */ = {
			isa = XCBuildConfiguration;
			buildSettings = {
				ALWAYS_SEARCH_USER_PATHS = NO;
				CLANG_ANALYZER_NONNULL = YES;
				CLANG_ANALYZER_NUMBER_OBJECT_CONVERSION = YES_AGGRESSIVE;
				CLANG_CXX_LANGUAGE_STANDARD = "gnu++14";
				CLANG_CXX_LIBRARY = "libc++";
				CLANG_ENABLE_MODULES = YES;
				CLANG_ENABLE_OBJC_ARC = YES;
				CLANG_ENABLE_OBJC_WEAK = YES;
				CLANG_WARN_BLOCK_CAPTURE_AUTORELEASING = YES;
				CLANG_WARN_BOOL_CONVERSION = YES;
				CLANG_WARN_COMMA = YES;
				CLANG_WARN_CONSTANT_CONVERSION = YES;
				CLANG_WARN_DEPRECATED_OBJC_IMPLEMENTATIONS = YES;
				CLANG_WARN_DIRECT_OBJC_ISA_USAGE = YES_ERROR;
				CLANG_WARN_DOCUMENTATION_COMMENTS = YES;
				CLANG_WARN_EMPTY_BODY = YES;
				CLANG_WARN_ENUM_CONVERSION = YES;
				CLANG_WARN_INFINITE_RECURSION = YES;
				CLANG_WARN_INT_CONVERSION = YES;
				CLANG_WARN_NON_LITERAL_NULL_CONVERSION = YES;
				CLANG_WARN_OBJC_IMPLICIT_RETAIN_SELF = YES;
				CLANG_WARN_OBJC_LITERAL_CONVERSION = YES;
				CLANG_WARN_OBJC_ROOT_CLASS = YES_ERROR;
				CLANG_WARN_RANGE_LOOP_ANALYSIS = YES;
				CLANG_WARN_STRICT_PROTOTYPES = YES;
				CLANG_WARN_SUSPICIOUS_MOVE = YES;
				CLANG_WARN_UNGUARDED_AVAILABILITY = YES_AGGRESSIVE;
				CLANG_WARN_UNREACHABLE_CODE = YES;
				CLANG_WARN__DUPLICATE_METHOD_MATCH = YES;
				COPY_PHASE_STRIP = NO;
				DEBUG_INFORMATION_FORMAT = "dwarf-with-dsym";
				ENABLE_NS_ASSERTIONS = NO;
				ENABLE_STRICT_OBJC_MSGSEND = YES;
				GCC_C_LANGUAGE_STANDARD = gnu11;
				GCC_NO_COMMON_BLOCKS = YES;
				GCC_WARN_64_TO_32_BIT_CONVERSION = YES;
				GCC_WARN_ABOUT_RETURN_TYPE = YES_ERROR;
				GCC_WARN_UNDECLARED_SELECTOR = YES;
				GCC_WARN_UNINITIALIZED_AUTOS = YES_AGGRESSIVE;
				GCC_WARN_UNUSED_FUNCTION = YES;
				GCC_WARN_UNUSED_VARIABLE = YES;
				IPHONEOS_DEPLOYMENT_TARGET = 13.6;
				MTL_ENABLE_DEBUG_INFO = NO;
				MTL_FAST_MATH = YES;
				SDKROOT = iphoneos;
				SWIFT_COMPILATION_MODE = wholemodule;
				SWIFT_OPTIMIZATION_LEVEL = "-O";
				VALIDATE_PRODUCT = YES;
			};
			name = Release;
		};
		10B021CD24F7F1A900B0439B /* Debug */ = {
			isa = XCBuildConfiguration;
			buildSettings = {
				ASSETCATALOG_COMPILER_APPICON_NAME = AppIcon;
				CODE_SIGN_STYLE = Automatic;
				DEVELOPMENT_ASSET_PATHS = "\"Project9.Drawing/Preview Content\"";
				DEVELOPMENT_TEAM = A2LYYDJ524;
				ENABLE_PREVIEWS = YES;
				INFOPLIST_FILE = Project9.Drawing/Info.plist;
				LD_RUNPATH_SEARCH_PATHS = (
					"$(inherited)",
					"@executable_path/Frameworks",
				);
				PRODUCT_BUNDLE_IDENTIFIER = "robertpliev-gmail.com.Project9-Drawing";
				PRODUCT_NAME = "$(TARGET_NAME)";
				SWIFT_VERSION = 5.0;
				TARGETED_DEVICE_FAMILY = "1,2";
			};
			name = Debug;
		};
		10B021CE24F7F1A900B0439B /* Release */ = {
			isa = XCBuildConfiguration;
			buildSettings = {
				ASSETCATALOG_COMPILER_APPICON_NAME = AppIcon;
				CODE_SIGN_STYLE = Automatic;
				DEVELOPMENT_ASSET_PATHS = "\"Project9.Drawing/Preview Content\"";
				DEVELOPMENT_TEAM = A2LYYDJ524;
				ENABLE_PREVIEWS = YES;
				INFOPLIST_FILE = Project9.Drawing/Info.plist;
				LD_RUNPATH_SEARCH_PATHS = (
					"$(inherited)",
					"@executable_path/Frameworks",
				);
				PRODUCT_BUNDLE_IDENTIFIER = "robertpliev-gmail.com.Project9-Drawing";
				PRODUCT_NAME = "$(TARGET_NAME)";
				SWIFT_VERSION = 5.0;
				TARGETED_DEVICE_FAMILY = "1,2";
			};
			name = Release;
		};
/* End XCBuildConfiguration section */

/* Begin XCConfigurationList section */
		10B021B324F7F1A800B0439B /* Build configuration list for PBXProject "Project9.Drawing" */ = {
			isa = XCConfigurationList;
			buildConfigurations = (
				10B021CA24F7F1A900B0439B /* Debug */,
				10B021CB24F7F1A900B0439B /* Release */,
			);
			defaultConfigurationIsVisible = 0;
			defaultConfigurationName = Release;
		};
		10B021CC24F7F1A900B0439B /* Build configuration list for PBXNativeTarget "Project9.Drawing" */ = {
			isa = XCConfigurationList;
			buildConfigurations = (
				10B021CD24F7F1A900B0439B /* Debug */,
				10B021CE24F7F1A900B0439B /* Release */,
			);
			defaultConfigurationIsVisible = 0;
			defaultConfigurationName = Release;
		};
/* End XCConfigurationList section */
	};
	rootObject = 10B021B024F7F1A800B0439B /* Project object */;
}
