// !$*UTF8*$!
{
	archiveVersion = 1;
	classes = {
	};
	objectVersion = 50;
	objects = {

/* Begin PBXBuildFile section */
		10E61A7524E5D5E1004EC038 /* AppDelegate.swift in Sources */ = {isa = PBXBuildFile; fileRef = 10E61A7424E5D5E1004EC038 /* AppDelegate.swift */; };
		10E61A7724E5D5E1004EC038 /* SceneDelegate.swift in Sources */ = {isa = PBXBuildFile; fileRef = 10E61A7624E5D5E1004EC038 /* SceneDelegate.swift */; };
		10E61A7924E5D5E1004EC038 /* ContentView.swift in Sources */ = {isa = PBXBuildFile; fileRef = 10E61A7824E5D5E1004EC038 /* ContentView.swift */; };
		10E61A7B24E5D5E2004EC038 /* Assets.xcassets in Resources */ = {isa = PBXBuildFile; fileRef = 10E61A7A24E5D5E2004EC038 /* Assets.xcassets */; };
		10E61A7E24E5D5E2004EC038 /* Preview Assets.xcassets in Resources */ = {isa = PBXBuildFile; fileRef = 10E61A7D24E5D5E2004EC038 /* Preview Assets.xcassets */; };
		10E61A8124E5D5E2004EC038 /* LaunchScreen.storyboard in Resources */ = {isa = PBXBuildFile; fileRef = 10E61A7F24E5D5E2004EC038 /* LaunchScreen.storyboard */; };
/* End PBXBuildFile section */

/* Begin PBXFileReference section */
		10E61A7124E5D5E1004EC038 /* Milestone2.MultiplicationTableQuiz.app */ = {isa = PBXFileReference; explicitFileType = wrapper.application; includeInIndex = 0; path = Milestone2.MultiplicationTableQuiz.app; sourceTree = BUILT_PRODUCTS_DIR; };
		10E61A7424E5D5E1004EC038 /* AppDelegate.swift */ = {isa = PBXFileReference; lastKnownFileType = sourcecode.swift; path = AppDelegate.swift; sourceTree = "<group>"; };
		10E61A7624E5D5E1004EC038 /* SceneDelegate.swift */ = {isa = PBXFileReference; lastKnownFileType = sourcecode.swift; path = SceneDelegate.swift; sourceTree = "<group>"; };
		10E61A7824E5D5E1004EC038 /* ContentView.swift */ = {isa = PBXFileReference; lastKnownFileType = sourcecode.swift; path = ContentView.swift; sourceTree = "<group>"; };
		10E61A7A24E5D5E2004EC038 /* Assets.xcassets */ = {isa = PBXFileReference; lastKnownFileType = folder.assetcatalog; path = Assets.xcassets; sourceTree = "<group>"; };
		10E61A7D24E5D5E2004EC038 /* Preview Assets.xcassets */ = {isa = PBXFileReference; lastKnownFileType = folder.assetcatalog; path = "Preview Assets.xcassets"; sourceTree = "<group>"; };
		10E61A8024E5D5E2004EC038 /* Base */ = {isa = PBXFileReference; lastKnownFileType = file.storyboard; name = Base; path = Base.lproj/LaunchScreen.storyboard; sourceTree = "<group>"; };
		10E61A8224E5D5E2004EC038 /* Info.plist */ = {isa = PBXFileReference; lastKnownFileType = text.plist.xml; path = Info.plist; sourceTree = "<group>"; };
/* End PBXFileReference section */

/* Begin PBXFrameworksBuildPhase section */
		10E61A6E24E5D5E1004EC038 /* Frameworks */ = {
			isa = PBXFrameworksBuildPhase;
			buildActionMask = 2147483647;
			files = (
			);
			runOnlyForDeploymentPostprocessing = 0;
		};
/* End PBXFrameworksBuildPhase section */

/* Begin PBXGroup section */
		10E61A6824E5D5E1004EC038 = {
			isa = PBXGroup;
			children = (
				10E61A7324E5D5E1004EC038 /* Milestone2.MultiplicationTableQuiz */,
				10E61A7224E5D5E1004EC038 /* Products */,
			);
			sourceTree = "<group>";
		};
		10E61A7224E5D5E1004EC038 /* Products */ = {
			isa = PBXGroup;
			children = (
				10E61A7124E5D5E1004EC038 /* Milestone2.MultiplicationTableQuiz.app */,
			);
			name = Products;
			sourceTree = "<group>";
		};
		10E61A7324E5D5E1004EC038 /* Milestone2.MultiplicationTableQuiz */ = {
			isa = PBXGroup;
			children = (
				10E61A7424E5D5E1004EC038 /* AppDelegate.swift */,
				10E61A7624E5D5E1004EC038 /* SceneDelegate.swift */,
				10E61A7824E5D5E1004EC038 /* ContentView.swift */,
				10E61A7A24E5D5E2004EC038 /* Assets.xcassets */,
				10E61A7F24E5D5E2004EC038 /* LaunchScreen.storyboard */,
				10E61A8224E5D5E2004EC038 /* Info.plist */,
				10E61A7C24E5D5E2004EC038 /* Preview Content */,
			);
			path = Milestone2.MultiplicationTableQuiz;
			sourceTree = "<group>";
		};
		10E61A7C24E5D5E2004EC038 /* Preview Content */ = {
			isa = PBXGroup;
			children = (
				10E61A7D24E5D5E2004EC038 /* Preview Assets.xcassets */,
			);
			path = "Preview Content";
			sourceTree = "<group>";
		};
/* End PBXGroup section */

/* Begin PBXNativeTarget section */
		10E61A7024E5D5E1004EC038 /* Milestone2.MultiplicationTableQuiz */ = {
			isa = PBXNativeTarget;
			buildConfigurationList = 10E61A8524E5D5E2004EC038 /* Build configuration list for PBXNativeTarget "Milestone2.MultiplicationTableQuiz" */;
			buildPhases = (
				10E61A6D24E5D5E1004EC038 /* Sources */,
				10E61A6E24E5D5E1004EC038 /* Frameworks */,
				10E61A6F24E5D5E1004EC038 /* Resources */,
			);
			buildRules = (
			);
			dependencies = (
			);
			name = Milestone2.MultiplicationTableQuiz;
			productName = Milestone2.MultiplicationTableQuiz;
			productReference = 10E61A7124E5D5E1004EC038 /* Milestone2.MultiplicationTableQuiz.app */;
			productType = "com.apple.product-type.application";
		};
/* End PBXNativeTarget section */

/* Begin PBXProject section */
		10E61A6924E5D5E1004EC038 /* Project object */ = {
			isa = PBXProject;
			attributes = {
				LastSwiftUpdateCheck = 1160;
				LastUpgradeCheck = 1160;
				ORGANIZATIONNAME = "robertpliev@gmail.com";
				TargetAttributes = {
					10E61A7024E5D5E1004EC038 = {
						CreatedOnToolsVersion = 11.6;
					};
				};
			};
			buildConfigurationList = 10E61A6C24E5D5E1004EC038 /* Build configuration list for PBXProject "Milestone2.MultiplicationTableQuiz" */;
			compatibilityVersion = "Xcode 9.3";
			developmentRegion = en;
			hasScannedForEncodings = 0;
			knownRegions = (
				en,
				Base,
			);
			mainGroup = 10E61A6824E5D5E1004EC038;
			productRefGroup = 10E61A7224E5D5E1004EC038 /* Products */;
			projectDirPath = "";
			projectRoot = "";
			targets = (
				10E61A7024E5D5E1004EC038 /* Milestone2.MultiplicationTableQuiz */,
			);
		};
/* End PBXProject section */

/* Begin PBXResourcesBuildPhase section */
		10E61A6F24E5D5E1004EC038 /* Resources */ = {
			isa = PBXResourcesBuildPhase;
			buildActionMask = 2147483647;
			files = (
				10E61A8124E5D5E2004EC038 /* LaunchScreen.storyboard in Resources */,
				10E61A7E24E5D5E2004EC038 /* Preview Assets.xcassets in Resources */,
				10E61A7B24E5D5E2004EC038 /* Assets.xcassets in Resources */,
			);
			runOnlyForDeploymentPostprocessing = 0;
		};
/* End PBXResourcesBuildPhase section */

/* Begin PBXSourcesBuildPhase section */
		10E61A6D24E5D5E1004EC038 /* Sources */ = {
			isa = PBXSourcesBuildPhase;
			buildActionMask = 2147483647;
			files = (
				10E61A7524E5D5E1004EC038 /* AppDelegate.swift in Sources */,
				10E61A7724E5D5E1004EC038 /* SceneDelegate.swift in Sources */,
				10E61A7924E5D5E1004EC038 /* ContentView.swift in Sources */,
			);
			runOnlyForDeploymentPostprocessing = 0;
		};
/* End PBXSourcesBuildPhase section */

/* Begin PBXVariantGroup section */
		10E61A7F24E5D5E2004EC038 /* LaunchScreen.storyboard */ = {
			isa = PBXVariantGroup;
			children = (
				10E61A8024E5D5E2004EC038 /* Base */,
			);
			name = LaunchScreen.storyboard;
			sourceTree = "<group>";
		};
/* End PBXVariantGroup section */

/* Begin XCBuildConfiguration section */
		10E61A8324E5D5E2004EC038 /* Debug */ = {
			isa = XCBuildConfiguration;
			buildSettings = {
				ALWAYS_SEARCH_USER_PATHS = NO;
				CLANG_ANALYZER_NONNULL = YES;
				CLANG_ANALYZER_NUMBER_OBJECT_CONVERSION = YES_AGGRESSIVE;
				CLANG_CXX_LANGUAGE_STANDARD = "gnu++14";
				CLANG_CXX_LIBRARY = "libc++";
				CLANG_ENABLE_MODULES = YES;
				CLANG_ENABLE_OBJC_ARC = YES;
				CLANG_ENABLE_OBJC_WEAK = YES;
				CLANG_WARN_BLOCK_CAPTURE_AUTORELEASING = YES;
				CLANG_WARN_BOOL_CONVERSION = YES;
				CLANG_WARN_COMMA = YES;
				CLANG_WARN_CONSTANT_CONVERSION = YES;
				CLANG_WARN_DEPRECATED_OBJC_IMPLEMENTATIONS = YES;
				CLANG_WARN_DIRECT_OBJC_ISA_USAGE = YES_ERROR;
				CLANG_WARN_DOCUMENTATION_COMMENTS = YES;
				CLANG_WARN_EMPTY_BODY = YES;
				CLANG_WARN_ENUM_CONVERSION = YES;
				CLANG_WARN_INFINITE_RECURSION = YES;
				CLANG_WARN_INT_CONVERSION = YES;
				CLANG_WARN_NON_LITERAL_NULL_CONVERSION = YES;
				CLANG_WARN_OBJC_IMPLICIT_RETAIN_SELF = YES;
				CLANG_WARN_OBJC_LITERAL_CONVERSION = YES;
				CLANG_WARN_OBJC_ROOT_CLASS = YES_ERROR;
				CLANG_WARN_RANGE_LOOP_ANALYSIS = YES;
				CLANG_WARN_STRICT_PROTOTYPES = YES;
				CLANG_WARN_SUSPICIOUS_MOVE = YES;
				CLANG_WARN_UNGUARDED_AVAILABILITY = YES_AGGRESSIVE;
				CLANG_WARN_UNREACHABLE_CODE = YES;
				CLANG_WARN__DUPLICATE_METHOD_MATCH = YES;
				COPY_PHASE_STRIP = NO;
				DEBUG_INFORMATION_FORMAT = dwarf;
				ENABLE_STRICT_OBJC_MSGSEND = YES;
				ENABLE_TESTABILITY = YES;
				GCC_C_LANGUAGE_STANDARD = gnu11;
				GCC_DYNAMIC_NO_PIC = NO;
				GCC_NO_COMMON_BLOCKS = YES;
				GCC_OPTIMIZATION_LEVEL = 0;
				GCC_PREPROCESSOR_DEFINITIONS = (
					"DEBUG=1",
					"$(inherited)",
				);
				GCC_WARN_64_TO_32_BIT_CONVERSION = YES;
				GCC_WARN_ABOUT_RETURN_TYPE = YES_ERROR;
				GCC_WARN_UNDECLARED_SELECTOR = YES;
				GCC_WARN_UNINITIALIZED_AUTOS = YES_AGGRESSIVE;
				GCC_WARN_UNUSED_FUNCTION = YES;
				GCC_WARN_UNUSED_VARIABLE = YES;
				IPHONEOS_DEPLOYMENT_TARGET = 13.6;
				MTL_ENABLE_DEBUG_INFO = INCLUDE_SOURCE;
				MTL_FAST_MATH = YES;
				ONLY_ACTIVE_ARCH = YES;
				SDKROOT = iphoneos;
				SWIFT_ACTIVE_COMPILATION_CONDITIONS = DEBUG;
				SWIFT_OPTIMIZATION_LEVEL = "-Onone";
			};
			name = Debug;
		};
		10E61A8424E5D5E2004EC038 /* Release */ = {
			isa = XCBuildConfiguration;
			buildSettings = {
				ALWAYS_SEARCH_USER_PATHS = NO;
				CLANG_ANALYZER_NONNULL = YES;
				CLANG_ANALYZER_NUMBER_OBJECT_CONVERSION = YES_AGGRESSIVE;
				CLANG_CXX_LANGUAGE_STANDARD = "gnu++14";
				CLANG_CXX_LIBRARY = "libc++";
				CLANG_ENABLE_MODULES = YES;
				CLANG_ENABLE_OBJC_ARC = YES;
				CLANG_ENABLE_OBJC_WEAK = YES;
				CLANG_WARN_BLOCK_CAPTURE_AUTORELEASING = YES;
				CLANG_WARN_BOOL_CONVERSION = YES;
				CLANG_WARN_COMMA = YES;
				CLANG_WARN_CONSTANT_CONVERSION = YES;
				CLANG_WARN_DEPRECATED_OBJC_IMPLEMENTATIONS = YES;
				CLANG_WARN_DIRECT_OBJC_ISA_USAGE = YES_ERROR;
				CLANG_WARN_DOCUMENTATION_COMMENTS = YES;
				CLANG_WARN_EMPTY_BODY = YES;
				CLANG_WARN_ENUM_CONVERSION = YES;
				CLANG_WARN_INFINITE_RECURSION = YES;
				CLANG_WARN_INT_CONVERSION = YES;
				CLANG_WARN_NON_LITERAL_NULL_CONVERSION = YES;
				CLANG_WARN_OBJC_IMPLICIT_RETAIN_SELF = YES;
				CLANG_WARN_OBJC_LITERAL_CONVERSION = YES;
				CLANG_WARN_OBJC_ROOT_CLASS = YES_ERROR;
				CLANG_WARN_RANGE_LOOP_ANALYSIS = YES;
				CLANG_WARN_STRICT_PROTOTYPES = YES;
				CLANG_WARN_SUSPICIOUS_MOVE = YES;
				CLANG_WARN_UNGUARDED_AVAILABILITY = YES_AGGRESSIVE;
				CLANG_WARN_UNREACHABLE_CODE = YES;
				CLANG_WARN__DUPLICATE_METHOD_MATCH = YES;
				COPY_PHASE_STRIP = NO;
				DEBUG_INFORMATION_FORMAT = "dwarf-with-dsym";
				ENABLE_NS_ASSERTIONS = NO;
				ENABLE_STRICT_OBJC_MSGSEND = YES;
				GCC_C_LANGUAGE_STANDARD = gnu11;
				GCC_NO_COMMON_BLOCKS = YES;
				GCC_WARN_64_TO_32_BIT_CONVERSION = YES;
				GCC_WARN_ABOUT_RETURN_TYPE = YES_ERROR;
				GCC_WARN_UNDECLARED_SELECTOR = YES;
				GCC_WARN_UNINITIALIZED_AUTOS = YES_AGGRESSIVE;
				GCC_WARN_UNUSED_FUNCTION = YES;
				GCC_WARN_UNUSED_VARIABLE = YES;
				IPHONEOS_DEPLOYMENT_TARGET = 13.6;
				MTL_ENABLE_DEBUG_INFO = NO;
				MTL_FAST_MATH = YES;
				SDKROOT = iphoneos;
				SWIFT_COMPILATION_MODE = wholemodule;
				SWIFT_OPTIMIZATION_LEVEL = "-O";
				VALIDATE_PRODUCT = YES;
			};
			name = Release;
		};
		10E61A8624E5D5E2004EC038 /* Debug */ = {
			isa = XCBuildConfiguration;
			buildSettings = {
				ASSETCATALOG_COMPILER_APPICON_NAME = AppIcon;
				CODE_SIGN_STYLE = Automatic;
				DEVELOPMENT_ASSET_PATHS = "\"Milestone2.MultiplicationTableQuiz/Preview Content\"";
				ENABLE_PREVIEWS = YES;
				INFOPLIST_FILE = Milestone2.MultiplicationTableQuiz/Info.plist;
				LD_RUNPATH_SEARCH_PATHS = (
					"$(inherited)",
					"@executable_path/Frameworks",
				);
				PRODUCT_BUNDLE_IDENTIFIER = "robertpliev-gmail.com.Milestone2-MultiplicationTableQuiz";
				PRODUCT_NAME = "$(TARGET_NAME)";
				SWIFT_VERSION = 5.0;
				TARGETED_DEVICE_FAMILY = "1,2";
			};
			name = Debug;
		};
		10E61A8724E5D5E2004EC038 /* Release */ = {
			isa = XCBuildConfiguration;
			buildSettings = {
				ASSETCATALOG_COMPILER_APPICON_NAME = AppIcon;
				CODE_SIGN_STYLE = Automatic;
				DEVELOPMENT_ASSET_PATHS = "\"Milestone2.MultiplicationTableQuiz/Preview Content\"";
				ENABLE_PREVIEWS = YES;
				INFOPLIST_FILE = Milestone2.MultiplicationTableQuiz/Info.plist;
				LD_RUNPATH_SEARCH_PATHS = (
					"$(inherited)",
					"@executable_path/Frameworks",
				);
				PRODUCT_BUNDLE_IDENTIFIER = "robertpliev-gmail.com.Milestone2-MultiplicationTableQuiz";
				PRODUCT_NAME = "$(TARGET_NAME)";
				SWIFT_VERSION = 5.0;
				TARGETED_DEVICE_FAMILY = "1,2";
			};
			name = Release;
		};
/* End XCBuildConfiguration section */

/* Begin XCConfigurationList section */
		10E61A6C24E5D5E1004EC038 /* Build configuration list for PBXProject "Milestone2.MultiplicationTableQuiz" */ = {
			isa = XCConfigurationList;
			buildConfigurations = (
				10E61A8324E5D5E2004EC038 /* Debug */,
				10E61A8424E5D5E2004EC038 /* Release */,
			);
			defaultConfigurationIsVisible = 0;
			defaultConfigurationName = Release;
		};
		10E61A8524E5D5E2004EC038 /* Build configuration list for PBXNativeTarget "Milestone2.MultiplicationTableQuiz" */ = {
			isa = XCConfigurationList;
			buildConfigurations = (
				10E61A8624E5D5E2004EC038 /* Debug */,
				10E61A8724E5D5E2004EC038 /* Release */,
			);
			defaultConfigurationIsVisible = 0;
			defaultConfigurationName = Release;
		};
/* End XCConfigurationList section */
	};
	rootObject = 10E61A6924E5D5E1004EC038 /* Project object */;
}
